{
  "nodes": {
    "dev-python": {
      "inputs": {
        "nixpkgs": [
          "nixpkgs"
        ]
      },
      "locked": {
        "dir": "python",
        "lastModified": 1772196754,
        "narHash": "sha256-DNlnNdQkydAZl0UWFxsX3burQjp83kOxQEAs5+9fKnw=",
        "owner": "agoose77",
        "repo": "dev-flakes",
        "rev": "e0b0b96e09968d3ba1ccf8ec82865a35e2cba7b8",
        "type": "github"
      },
      "original": {
        "dir": "python",
        "owner": "agoose77",
        "ref": "e0b0b96",
        "repo": "dev-flakes",
        "type": "github"
      }
    },
    "nixpkgs": {
      "locked": {
        "lastModified": 1767767207,
        "narHash": "sha256-Mj3d3PfwltLmukFal5i3fFt27L6NiKXdBezC1EBuZs4=",
        "owner": "NixOS",
        "repo": "nixpkgs",
        "rev": "5912c1772a44e31bf1c63c0390b90501e5026886",
        "type": "github"
      },
      "original": {
        "owner": "NixOS",
        "ref": "nixos-unstable",
        "repo": "nixpkgs",
        "type": "github"
      }
    },
    "nixpkgs-helm": {
      "locked": {
        "lastModified": 1736985655,
        "narHash": "sha256-l8ecdfeGkg90nf0tqdEIUFVaUiBwirfORyypTlApVTM=",
        "owner": "NixOS",
        "repo": "nixpkgs",
        "rev": "9b100cfb67ccb2ff6e723b78d4ae2f9c88654a1c",
        "type": "github"
      },
      "original": {
        "owner": "NixOS",
        "repo": "nixpkgs",
        "rev": "9b100cfb67ccb2ff6e723b78d4ae2f9c88654a1c",
        "type": "github"
      }
    },
    "root": {
      "inputs": {
        "dev-python": "dev-python",
        "nixpkgs": "nixpkgs",
        "nixpkgs-helm": "nixpkgs-helm"
      }
    }
  },
  "root": "root",
  "version": 7
}
